
Microsoft Visual Studio Solution File, Format Version 12.00
# Visual Studio Version 16
VisualStudioVersion = 16.0.30907.101
MinimumVisualStudioVersion = 10.0.40219.1
Project("{8BC9CEB8-8B4A-11D0-8D11-00A0C91BC942}") = "efi-template", "efi-template\efi-template.vcxproj", "{79D78FD5-8F41-442F-944E-81774DC9DF39}"
EndProject
Global
	GlobalSection(SolutionConfigurationPlatforms) = preSolution
		Debug|x64 = Debug|x64
		Debug|x86 = Debug|x86
		Release|x64 = Release|x64
		Release|x86 = Release|x86
	EndGlobalSection
	GlobalSection(ProjectConfigurationPlatforms) = postSolution
		{79D78FD5-8F41-442F-944E-81774DC9DF39}.Debug|x64.ActiveCfg = Release|x64
		{79D78FD5-8F41-442F-944E-81774DC9DF39}.Debug|x64.Build.0 = Release|x64
		{79D78FD5-8F41-442F-944E-81774DC9DF39}.Debug|x86.ActiveCfg = Debug|Win32
		{79D78FD5-8F41-442F-944E-81774DC9DF39}.Debug|x86.Build.0 = Debug|Win32
		{79D78FD5-8F41-442F-944E-81774DC9DF39}.Release|x64.ActiveCfg = Release|x64
		{79D78FD5-8F41-442F-944E-81774DC9DF39}.Release|x64.Build.0 = Release|x64
		{79D78FD5-8F41-442F-944E-81774DC9DF39}.Release|x86.ActiveCfg = Release|Win32
		{79D78FD5-8F41-442F-944E-81774DC9DF39}.Release|x86.Build.0 = Release|Win32
	EndGlobalSection
	GlobalSection(SolutionProperties) = preSolution
		HideSolutionNode = FALSE
	EndGlobalSection
	GlobalSection(ExtensibilityGlobals) = postSolution
		SolutionGuid = {3560D5F3-6444-46F3-883F-B2DA0F216CDC}
	EndGlobalSection
EndGlobal
